<?xml version="1.0" encoding="utf-8"?>
<Project ToolsVersion="16.0" xmlns="http://schemas.microsoft.com/developer/msbuild/2003">
  <ItemGroup>
    <ClCompile Include="C:\Users\whqhd\Downloads\3_circlebounds_practice\Source\Runtime\Renderer\Precompiled.cpp" />
    <ClCompile Include="C:\Users\whqhd\Downloads\3_circlebounds_practice\Source\Runtime\Renderer\Private\Windows\WindowsGDI.cpp">
      <Filter>Private\Windows</Filter>
    </ClCompile>
    <ClCompile Include="C:\Users\whqhd\Downloads\3_circlebounds_practice\Source\Runtime\Renderer\Private\Windows\WindowsRSI.cpp">
      <Filter>Private\Windows</Filter>
    </ClCompile>
  </ItemGroup>
  <ItemGroup>
    <ClInclude Include="C:\Users\whqhd\Downloads\3_circlebounds_practice\Source\Runtime\Renderer\Precompiled.h" />
    <ClInclude Include="C:\Users\whqhd\Downloads\3_circlebounds_practice\Source\Runtime\Renderer\Public\RendererHeaders.h">
      <Filter>Public</Filter>
    </ClInclude>
    <ClInclude Include="C:\Users\whqhd\Downloads\3_circlebounds_practice\Source\Runtime\Renderer\Public\RenderingSoftwareInterface.h">
      <Filter>Public</Filter>
    </ClInclude>
    <ClInclude Include="C:\Users\whqhd\Downloads\3_circlebounds_practice\Source\Runtime\Renderer\Public\Windows\WindowsGDI.h">
      <Filter>Public\Windows</Filter>
    </ClInclude>
    <ClInclude Include="C:\Users\whqhd\Downloads\3_circlebounds_practice\Source\Runtime\Renderer\Public\Windows\WindowsRSI.h">
      <Filter>Public\Windows</Filter>
    </ClInclude>
  </ItemGroup>
  <ItemGroup>
    <Filter Include="Private">
      <UniqueIdentifier>{BC5BD846-0E7D-3F61-97D3-9677123E962D}</UniqueIdentifier>
    </Filter>
    <Filter Include="Private\Windows">
      <UniqueIdentifier>{CA8611CA-6429-37DF-AB94-219257E45934}</UniqueIdentifier>
    </Filter>
    <Filter Include="Public">
      <UniqueIdentifier>{75068451-DE00-3C81-9796-A73065F0C7C9}</UniqueIdentifier>
    </Filter>
    <Filter Include="Public\Windows">
      <UniqueIdentifier>{3840DC65-1E60-3360-9888-47BC9E055419}</UniqueIdentifier>
    </Filter>
  </ItemGroup>
</Project>
